
Microsoft Visual Studio Solution File, Format Version 12.00
# Visual Studio 15
VisualStudioVersion = 15.0.27703.2042
MinimumVisualStudioVersion = 10.0.40219.1
Project("{FAE04EC0-301F-11D3-BF4B-00C04F79EFBC}") = "RobotApp", "Robot\RobotApp.csproj", "{38F318A6-40B6-4A12-B385-14248861C632}"
EndProject
Project("{FAE04EC0-301F-11D3-BF4B-00C04F79EFBC}") = "RobotTest", "RobotTest\RobotTest.csproj", "{717BBA65-F15B-4258-B23E-BF5469D8A31D}"
EndProject
Global
	GlobalSection(SolutionConfigurationPlatforms) = preSolution
		Debug|Any CPU = Debug|Any CPU
		Release|Any CPU = Release|Any CPU
	EndGlobalSection
	GlobalSection(ProjectConfigurationPlatforms) = postSolution
		{38F318A6-40B6-4A12-B385-14248861C632}.Debug|Any CPU.ActiveCfg = Debug|Any CPU
		{38F318A6-40B6-4A12-B385-14248861C632}.Debug|Any CPU.Build.0 = Debug|Any CPU
		{38F318A6-40B6-4A12-B385-14248861C632}.Release|Any CPU.ActiveCfg = Release|Any CPU
		{38F318A6-40B6-4A12-B385-14248861C632}.Release|Any CPU.Build.0 = Release|Any CPU
		{717BBA65-F15B-4258-B23E-BF5469D8A31D}.Debug|Any CPU.ActiveCfg = Debug|Any CPU
		{717BBA65-F15B-4258-B23E-BF5469D8A31D}.Debug|Any CPU.Build.0 = Debug|Any CPU
		{717BBA65-F15B-4258-B23E-BF5469D8A31D}.Release|Any CPU.ActiveCfg = Release|Any CPU
		{717BBA65-F15B-4258-B23E-BF5469D8A31D}.Release|Any CPU.Build.0 = Release|Any CPU
	EndGlobalSection
	GlobalSection(SolutionProperties) = preSolution
		HideSolutionNode = FALSE
	EndGlobalSection
	GlobalSection(ExtensibilityGlobals) = postSolution
		SolutionGuid = {BC51F7FD-031F-442D-A798-61070C7903B0}
	EndGlobalSection
EndGlobal
